<?xml version="1.0" encoding="utf-8"?>
<Project ToolsVersion="12.0" xmlns="http://schemas.microsoft.com/developer/msbuild/2003">
  <ItemGroup>
    <Filter Include="Resource Files">
      <UniqueIdentifier>{67DA6AB6-F800-4c08-8B7A-83BB121AAD01}</UniqueIdentifier>
      <Extensions>rc;ico;cur;bmp;dlg;rc2;rct;bin;rgs;gif;jpg;jpeg;jpe;resx;tga;tiff;tif;png;wav;mfcribbon-ms</Extensions>
    </Filter>
    <Filter Include="Core">
      <UniqueIdentifier>{57f72436-03ce-4a1d-9c65-25a61e8bbb16}</UniqueIdentifier>
    </Filter>
    <Filter Include="Core\Header Files">
      <UniqueIdentifier>{63e40394-56a5-41d4-b89a-2deab082f765}</UniqueIdentifier>
    </Filter>
    <Filter Include="Core\Source Files">
      <UniqueIdentifier>{3894bd8c-0834-4ac1-bd7a-4c3dd700ad42}</UniqueIdentifier>
    </Filter>
  </ItemGroup>
  <ItemGroup>
    <None Include="..\src\MSG00001.bin">
      <Filter>Resource Files</Filter>
    </None>
  </ItemGroup>
  <ItemGroup>
    <ResourceCompile Include="..\src\pocomsg.rc">
      <Filter>Resource Files</Filter>
    </ResourceCompile>
  </ItemGroup>
  <ItemGroup>
    <ClInclude Include="..\include\Poco\Void.h">
      <Filter>Core\Header Files</Filter>
    </ClInclude>
    <ClInclude Include="..\include\Poco\Alignment.h">
      <Filter>Core\Header Files</Filter>
    </ClInclude>
    <ClInclude Include="..\include\Poco\Any.h">
      <Filter>Core\Header Files</Filter>
    </ClInclude>
    <ClInclude Include="..\include\Poco\Array.h">
      <Filter>Core\Header Files</Filter>
    </ClInclude>
    <ClInclude Include="..\include\Poco\Ascii.h">
      <Filter>Core\Header Files</Filter>
    </ClInclude>
    <ClInclude Include="..\include\Poco\AtomicCounter.h">
      <Filter>Core\Header Files</Filter>
    </ClInclude>
    <ClInclude Include="..\include\Poco\AutoPtr.h">
      <Filter>Core\Header Files</Filter>
    </ClInclude>
    <ClInclude Include="..\include\Poco\AutoReleasePool.h">
      <Filter>Core\Header Files</Filter>
    </ClInclude>
    <ClInclude Include="..\include\Poco\Buffer.h">
      <Filter>Core\Header Files</Filter>
    </ClInclude>
    <ClInclude Include="..\include\Poco\Bugcheck.h">
      <Filter>Core\Header Files</Filter>
    </ClInclude>
    <ClInclude Include="..\include\Poco\ByteOrder.h">
      <Filter>Core\Header Files</Filter>
    </ClInclude>
    <ClInclude Include="..\include\Poco\Checksum.h">
      <Filter>Core\Header Files</Filter>
    </ClInclude>
    <ClInclude Include="..\include\Poco\Config.h">
      <Filter>Core\Header Files</Filter>
    </ClInclude>
    <ClInclude Include="..\include\Poco\Debugger.h">
      <Filter>Core\Header Files</Filter>
    </ClInclude>
    <ClInclude Include="..\include\Poco\DynamicAny.h">
      <Filter>Core\Header Files</Filter>
    </ClInclude>
    <ClInclude Include="..\include\Poco\DynamicAnyHolder.h">
      <Filter>Core\Header Files</Filter>
    </ClInclude>
    <ClInclude Include="..\include\Poco\DynamicFactory.h">
      <Filter>Core\Header Files</Filter>
    </ClInclude>
    <ClInclude Include="..\include\Poco\Environment.h">
      <Filter>Core\Header Files</Filter>
    </ClInclude>
    <ClInclude Include="..\include\Poco\Environment_UNIX.h">
      <Filter>Core\Header Files</Filter>
    </ClInclude>
    <ClInclude Include="..\include\Poco\Environment_VMS.h">
      <Filter>Core\Header Files</Filter>
    </ClInclude>
    <ClInclude Include="..\include\Poco\Environment_WIN32.h">
      <Filter>Core\Header Files</Filter>
    </ClInclude>
    <ClInclude Include="..\include\Poco\Environment_WIN32U.h">
      <Filter>Core\Header Files</Filter>
    </ClInclude>
    <ClInclude Include="..\include\Poco\Error.h">
      <Filter>Core\Header Files</Filter>
    </ClInclude>
    <ClInclude Include="..\include\Poco\Exception.h">
      <Filter>Core\Header Files</Filter>
    </ClInclude>
    <ClInclude Include="..\include\Poco\FIFOBuffer.h">
      <Filter>Core\Header Files</Filter>
    </ClInclude>
    <ClInclude Include="..\include\Poco\Format.h">
      <Filter>Core\Header Files</Filter>
    </ClInclude>
    <ClInclude Include="..\include\Poco\Foundation.h">
      <Filter>Core\Header Files</Filter>
    </ClInclude>
    <ClInclude Include="..\include\Poco\FPEnvironment.h">
      <Filter>Core\Header Files</Filter>
    </ClInclude>
    <ClInclude Include="..\include\Poco\FPEnvironment_C99.h">
      <Filter>Core\Header Files</Filter>
    </ClInclude>
    <ClInclude Include="..\include\Poco\FPEnvironment_DEC.h">
      <Filter>Core\Header Files</Filter>
    </ClInclude>
    <ClInclude Include="..\include\Poco\FPEnvironment_DUMMY.h">
      <Filter>Core\Header Files</Filter>
    </ClInclude>
    <ClInclude Include="..\include\Poco\FPEnvironment_SUN.h">
      <Filter>Core\Header Files</Filter>
    </ClInclude>
    <ClInclude Include="..\include\Poco\FPEnvironment_WIN32.h">
      <Filter>Core\Header Files</Filter>
    </ClInclude>
    <ClInclude Include="..\include\Poco\Instantiator.h">
      <Filter>Core\Header Files</Filter>
    </ClInclude>
    <ClInclude Include="..\include\Poco\Latin2Encoding.h">
      <Filter>Core\Header Files</Filter>
    </ClInclude>
    <ClInclude Include="..\include\Poco\ListMap.h">
      <Filter>Core\Header Files</Filter>
    </ClInclude>
    <ClInclude Include="..\include\Poco\MemoryPool.h">
      <Filter>Core\Header Files</Filter>
    </ClInclude>
    <ClInclude Include="..\include\Poco\MetaProgramming.h">
      <Filter>Core\Header Files</Filter>
    </ClInclude>
    <ClInclude Include="..\include\Poco\NamedTuple.h">
      <Filter>Core\Header Files</Filter>
    </ClInclude>
    <ClInclude Include="..\include\Poco\NestedDiagnosticContext.h">
      <Filter>Core\Header Files</Filter>
    </ClInclude>
    <ClInclude Include="..\include\Poco\Nullable.h">
      <Filter>Core\Header Files</Filter>
    </ClInclude>
    <ClInclude Include="..\include\Poco\NumberFormatter.h">
      <Filter>Core\Header Files</Filter>
    </ClInclude>
    <ClInclude Include="..\include\Poco\NumberParser.h">
      <Filter>Core\Header Files</Filter>
    </ClInclude>
    <ClInclude Include="..\include\Poco\NumericString.h">
      <Filter>Core\Header Files</Filter>
    </ClInclude>
    <ClInclude Include="..\include\Poco\ObjectPool.h">
      <Filter>Core\Header Files</Filter>
    </ClInclude>
    <ClInclude Include="..\include\Poco\Optional.h">
      <Filter>Core\Header Files</Filter>
    </ClInclude>
    <ClInclude Include="..\include\Poco\Platform.h">
      <Filter>Core\Header Files</Filter>
    </ClInclude>
    <ClInclude Include="..\include\Poco\Platform_POSIX.h">
      <Filter>Core\Header Files</Filter>
    </ClInclude>
    <ClInclude Include="..\include\Poco\Platform_VMS.h">
      <Filter>Core\Header Files</Filter>
    </ClInclude>
    <ClInclude Include="..\include\Poco\Platform_WIN32.h">
      <Filter>Core\Header Files</Filter>
    </ClInclude>
    <ClInclude Include="..\include\Poco\Poco.h">
      <Filter>Core\Header Files</Filter>
    </ClInclude>
    <ClInclude Include="..\include\Poco\RefCountedObject.h">
      <Filter>Core\Header Files</Filter>
    </ClInclude>
    <ClInclude Include="..\include\Poco\SharedPtr.h">
      <Filter>Core\Header Files</Filter>
    </ClInclude>
    <ClInclude Include="..\include\Poco\SingletonHolder.h">
      <Filter>Core\Header Files</Filter>
    </ClInclude>
    <ClInclude Include="..\include\Poco\String.h">
      <Filter>Core\Header Files</Filter>
    </ClInclude>
    <ClInclude Include="..\include\Poco\StringTokenizer.h">
      <Filter>Core\Header Files</Filter>
    </ClInclude>
    <ClInclude Include="..\include\Poco\Tuple.h">
      <Filter>Core\Header Files</Filter>
    </ClInclude>
    <ClInclude Include="..\include\Poco\TypeList.h">
      <Filter>Core\Header Files</Filter>
    </ClInclude>
    <ClInclude Include="..\include\Poco\Types.h">
      <Filter>Core\Header Files</Filter>
    </ClInclude>
    <ClInclude Include="..\include\Poco\UnWindows.h">
      <Filter>Core\Header Files</Filter>
    </ClInclude>
    <ClInclude Include="..\include\Poco\Version.h">
      <Filter>Core\Header Files</Filter>
    </ClInclude>
    <ClInclude Include="FoundationW8.h" />
    <ClInclude Include="pch.h" />
    <ClInclude Include="targetver.h" />
  </ItemGroup>
  <ItemGroup>
    <ClCompile Include="..\src\Ascii.cpp">
      <Filter>Core\Source Files</Filter>
    </ClCompile>
    <ClCompile Include="..\src\AtomicCounter.cpp">
      <Filter>Core\Source Files</Filter>
    </ClCompile>
    <ClCompile Include="..\src\Bugcheck.cpp">
      <Filter>Core\Source Files</Filter>
    </ClCompile>
    <ClCompile Include="..\src\ByteOrder.cpp">
      <Filter>Core\Source Files</Filter>
    </ClCompile>
    <ClCompile Include="..\src\Checksum.cpp">
      <Filter>Core\Source Files</Filter>
    </ClCompile>
    <ClCompile Include="..\src\Debugger.cpp">
      <Filter>Core\Source Files</Filter>
    </ClCompile>
    <ClCompile Include="..\src\Environment.cpp">
      <Filter>Core\Source Files</Filter>
    </ClCompile>
    <ClCompile Include="..\src\Environment_UNIX.cpp">
      <Filter>Core\Source Files</Filter>
    </ClCompile>
    <ClCompile Include="..\src\Environment_VMS.cpp">
      <Filter>Core\Source Files</Filter>
    </ClCompile>
    <ClCompile Include="..\src\Environment_WIN32.cpp">
      <Filter>Core\Source Files</Filter>
    </ClCompile>
    <ClCompile Include="..\src\Environment_WIN32U.cpp">
      <Filter>Core\Source Files</Filter>
    </ClCompile>
    <ClCompile Include="..\src\Error.cpp">
      <Filter>Core\Source Files</Filter>
    </ClCompile>
    <ClCompile Include="..\src\Exception.cpp">
      <Filter>Core\Source Files</Filter>
    </ClCompile>
    <ClCompile Include="..\src\Format.cpp">
      <Filter>Core\Source Files</Filter>
    </ClCompile>
    <ClCompile Include="..\src\FPEnvironment.cpp">
      <Filter>Core\Source Files</Filter>
    </ClCompile>
    <ClCompile Include="..\src\FPEnvironment_C99.cpp">
      <Filter>Core\Source Files</Filter>
    </ClCompile>
    <ClCompile Include="..\src\FPEnvironment_DEC.cpp">
      <Filter>Core\Source Files</Filter>
    </ClCompile>
    <ClCompile Include="..\src\FPEnvironment_DUMMY.cpp">
      <Filter>Core\Source Files</Filter>
    </ClCompile>
    <ClCompile Include="..\src\FPEnvironment_SUN.cpp">
      <Filter>Core\Source Files</Filter>
    </ClCompile>
    <ClCompile Include="..\src\FPEnvironment_WIN32.cpp">
      <Filter>Core\Source Files</Filter>
    </ClCompile>
    <ClCompile Include="..\src\MemoryPool.cpp">
      <Filter>Core\Source Files</Filter>
    </ClCompile>
    <ClCompile Include="..\src\NestedDiagnosticContext.cpp">
      <Filter>Core\Source Files</Filter>
    </ClCompile>
    <ClCompile Include="..\src\NumberFormatter.cpp">
      <Filter>Core\Source Files</Filter>
    </ClCompile>
    <ClCompile Include="..\src\NumberParser.cpp">
      <Filter>Core\Source Files</Filter>
    </ClCompile>
    <ClCompile Include="..\src\NumericString.cpp">
      <Filter>Core\Source Files</Filter>
    </ClCompile>
    <ClCompile Include="..\src\RefCountedObject.cpp">
      <Filter>Core\Source Files</Filter>
    </ClCompile>
    <ClCompile Include="..\src\String.cpp">
      <Filter>Core\Source Files</Filter>
    </ClCompile>
    <ClCompile Include="..\src\StringTokenizer.cpp">
      <Filter>Core\Source Files</Filter>
    </ClCompile>
    <ClCompile Include="..\src\Void.cpp">
      <Filter>Core\Source Files</Filter>
    </ClCompile>
    <ClCompile Include="FoundationW8.cpp" />
    <ClCompile Include="pch.cpp" />
  </ItemGroup>
</Project>