<?xml version="1.0" encoding="utf-8"?>
<Project ToolsVersion="12.0" xmlns="http://schemas.microsoft.com/developer/msbuild/2003">
  <ItemGroup>
    <Filter Include="Resource Files">
      <UniqueIdentifier>{67DA6AB6-F800-4c08-8B7A-83BB121AAD01}</UniqueIdentifier>
      <Extensions>rc;ico;cur;bmp;dlg;rc2;rct;bin;rgs;gif;jpg;jpeg;jpe;resx;tga;tiff;tif;png;wav;mfcribbon-ms</Extensions>
    </Filter>
    <Filter Include="Core">
      <UniqueIdentifier>{715eae44-e71a-48df-aeb2-eafae62fb7d2}</UniqueIdentifier>
    </Filter>
    <Filter Include="Core\Source Files">
      <UniqueIdentifier>{5c03f9bb-2bfa-4425-8244-7d66b60a892a}</UniqueIdentifier>
    </Filter>
    <Filter Include="Core\Header Files">
      <UniqueIdentifier>{3e8e84ae-d8a6-402c-a4d4-83b10f342c18}</UniqueIdentifier>
    </Filter>
    <Filter Include="Cache">
      <UniqueIdentifier>{c03f5b54-2e2c-4db6-a7f7-ee161ff33e9c}</UniqueIdentifier>
    </Filter>
    <Filter Include="Cache\Header Files">
      <UniqueIdentifier>{e3cd5f71-f7a7-4e62-9756-b1263b44cdb1}</UniqueIdentifier>
    </Filter>
    <Filter Include="Cache\Source Files">
      <UniqueIdentifier>{259b860f-edf3-4a45-bc7d-62c81b598189}</UniqueIdentifier>
    </Filter>
    <Filter Include="DateTime">
      <UniqueIdentifier>{8146433b-ed87-4f6f-8d78-24b61e69841a}</UniqueIdentifier>
    </Filter>
    <Filter Include="DateTime\Source Files">
      <UniqueIdentifier>{1c2916e2-ab7c-4e77-8bac-d65cd0751887}</UniqueIdentifier>
    </Filter>
    <Filter Include="DateTime\Header Files">
      <UniqueIdentifier>{d29f7499-0fef-4e6a-8cd6-e9f093ee1120}</UniqueIdentifier>
    </Filter>
    <Filter Include="Dynamic">
      <UniqueIdentifier>{0a01504a-9cb0-4e97-bf09-90cf1d4ff967}</UniqueIdentifier>
    </Filter>
    <Filter Include="Dynamic\Header Files">
      <UniqueIdentifier>{5dc835cc-2d25-4c89-9e7c-0d09e4f884fa}</UniqueIdentifier>
    </Filter>
    <Filter Include="Dynamic\Source Files">
      <UniqueIdentifier>{6a7e207f-95f7-443f-b7ba-f27d574a8755}</UniqueIdentifier>
    </Filter>
    <Filter Include="Events">
      <UniqueIdentifier>{edf37f15-c55f-4f1f-9148-dda3abbe8033}</UniqueIdentifier>
    </Filter>
    <Filter Include="Events\Header Files">
      <UniqueIdentifier>{e0103c6e-fdd4-478a-bc53-a82b09392d8f}</UniqueIdentifier>
    </Filter>
    <Filter Include="Events\Source Files">
      <UniqueIdentifier>{6c35a787-c839-45d4-bc3f-4c857975ca52}</UniqueIdentifier>
    </Filter>
    <Filter Include="Hashing">
      <UniqueIdentifier>{3ff9ce0d-3fb1-430b-b5be-d19d5db45f08}</UniqueIdentifier>
    </Filter>
    <Filter Include="Hashing\Header Files">
      <UniqueIdentifier>{f8f24c78-5869-494e-8944-2df6791b711a}</UniqueIdentifier>
    </Filter>
    <Filter Include="Hashing\Source Files">
      <UniqueIdentifier>{94b5f875-bf9c-4f1e-8e5b-bd4cfba429fa}</UniqueIdentifier>
    </Filter>
    <Filter Include="Logging">
      <UniqueIdentifier>{ceba94b0-e78b-4452-a6ab-5d0e7546055b}</UniqueIdentifier>
    </Filter>
    <Filter Include="Logging\Source Files">
      <UniqueIdentifier>{ff1ec916-ffbc-49fe-976a-ba8a07552b72}</UniqueIdentifier>
    </Filter>
    <Filter Include="Logging\Header Files">
      <UniqueIdentifier>{ff700c0f-791b-4e98-a0e2-b4e13380d769}</UniqueIdentifier>
    </Filter>
    <Filter Include="Logging\Message Files">
      <UniqueIdentifier>{3fff4f3d-5d28-4135-9324-5efac8eaf9df}</UniqueIdentifier>
    </Filter>
    <Filter Include="Logging\Resource Files">
      <UniqueIdentifier>{1feb1859-2fc8-4e64-81e0-a2f9fafe97c1}</UniqueIdentifier>
    </Filter>
  </ItemGroup>
  <ItemGroup>
    <ClCompile Include="dllmain.cpp" />
    <ClCompile Include="FoundationW8DLL.cpp" />
    <ClCompile Include="pch.cpp" />
    <ClCompile Include="..\src\Ascii.cpp">
      <Filter>Core\Source Files</Filter>
    </ClCompile>
    <ClCompile Include="..\src\AtomicCounter.cpp">
      <Filter>Core\Source Files</Filter>
    </ClCompile>
    <ClCompile Include="..\src\Bugcheck.cpp">
      <Filter>Core\Source Files</Filter>
    </ClCompile>
    <ClCompile Include="..\src\ByteOrder.cpp">
      <Filter>Core\Source Files</Filter>
    </ClCompile>
    <ClCompile Include="..\src\Checksum.cpp">
      <Filter>Core\Source Files</Filter>
    </ClCompile>
    <ClCompile Include="..\src\Debugger.cpp">
      <Filter>Core\Source Files</Filter>
    </ClCompile>
    <ClCompile Include="..\src\Environment.cpp">
      <Filter>Core\Source Files</Filter>
    </ClCompile>
    <ClCompile Include="..\src\Environment_UNIX.cpp">
      <Filter>Core\Source Files</Filter>
    </ClCompile>
    <ClCompile Include="..\src\Environment_VMS.cpp">
      <Filter>Core\Source Files</Filter>
    </ClCompile>
    <ClCompile Include="..\src\Environment_WIN32.cpp">
      <Filter>Core\Source Files</Filter>
    </ClCompile>
    <ClCompile Include="..\src\Environment_WIN32U.cpp">
      <Filter>Core\Source Files</Filter>
    </ClCompile>
    <ClCompile Include="..\src\Error.cpp">
      <Filter>Core\Source Files</Filter>
    </ClCompile>
    <ClCompile Include="..\src\Exception.cpp">
      <Filter>Core\Source Files</Filter>
    </ClCompile>
    <ClCompile Include="..\src\Format.cpp">
      <Filter>Core\Source Files</Filter>
    </ClCompile>
    <ClCompile Include="..\src\FPEnvironment.cpp">
      <Filter>Core\Source Files</Filter>
    </ClCompile>
    <ClCompile Include="..\src\FPEnvironment_C99.cpp">
      <Filter>Core\Source Files</Filter>
    </ClCompile>
    <ClCompile Include="..\src\FPEnvironment_DEC.cpp">
      <Filter>Core\Source Files</Filter>
    </ClCompile>
    <ClCompile Include="..\src\FPEnvironment_DUMMY.cpp">
      <Filter>Core\Source Files</Filter>
    </ClCompile>
    <ClCompile Include="..\src\FPEnvironment_SUN.cpp">
      <Filter>Core\Source Files</Filter>
    </ClCompile>
    <ClCompile Include="..\src\FPEnvironment_WIN32.cpp">
      <Filter>Core\Source Files</Filter>
    </ClCompile>
    <ClCompile Include="..\src\MemoryPool.cpp">
      <Filter>Core\Source Files</Filter>
    </ClCompile>
    <ClCompile Include="..\src\NestedDiagnosticContext.cpp">
      <Filter>Core\Source Files</Filter>
    </ClCompile>
    <ClCompile Include="..\src\NumberFormatter.cpp">
      <Filter>Core\Source Files</Filter>
    </ClCompile>
    <ClCompile Include="..\src\NumberParser.cpp">
      <Filter>Core\Source Files</Filter>
    </ClCompile>
    <ClCompile Include="..\src\RefCountedObject.cpp">
      <Filter>Core\Source Files</Filter>
    </ClCompile>
    <ClCompile Include="..\src\String.cpp">
      <Filter>Core\Source Files</Filter>
    </ClCompile>
    <ClCompile Include="..\src\NumericString.cpp">
      <Filter>Core\Source Files</Filter>
    </ClCompile>
    <ClCompile Include="..\src\StringTokenizer.cpp">
      <Filter>Core\Source Files</Filter>
    </ClCompile>
    <ClCompile Include="..\src\Void.cpp">
      <Filter>Core\Source Files</Filter>
    </ClCompile>
    <ClCompile Include="..\src\DateTime.cpp">
      <Filter>DateTime\Source Files</Filter>
    </ClCompile>
    <ClCompile Include="..\src\DateTimeFormat.cpp">
      <Filter>DateTime\Source Files</Filter>
    </ClCompile>
    <ClCompile Include="..\src\DateTimeFormatter.cpp">
      <Filter>DateTime\Source Files</Filter>
    </ClCompile>
    <ClCompile Include="..\src\DateTimeParser.cpp">
      <Filter>DateTime\Source Files</Filter>
    </ClCompile>
    <ClCompile Include="..\src\LocalDateTime.cpp">
      <Filter>DateTime\Source Files</Filter>
    </ClCompile>
    <ClCompile Include="..\src\Stopwatch.cpp">
      <Filter>DateTime\Source Files</Filter>
    </ClCompile>
    <ClCompile Include="..\src\Timespan.cpp">
      <Filter>DateTime\Source Files</Filter>
    </ClCompile>
    <ClCompile Include="..\src\Timestamp.cpp">
      <Filter>DateTime\Source Files</Filter>
    </ClCompile>
    <ClCompile Include="..\src\Timezone.cpp">
      <Filter>DateTime\Source Files</Filter>
    </ClCompile>
    <ClCompile Include="..\src\Timezone_UNIX.cpp">
      <Filter>DateTime\Source Files</Filter>
    </ClCompile>
    <ClCompile Include="..\src\Timezone_WIN32.cpp">
      <Filter>DateTime\Source Files</Filter>
    </ClCompile>
    <ClCompile Include="..\src\Var.cpp">
      <Filter>Dynamic\Source Files</Filter>
    </ClCompile>
    <ClCompile Include="..\src\VarHolder.cpp">
      <Filter>Dynamic\Source Files</Filter>
    </ClCompile>
    <ClCompile Include="..\src\VarIterator.cpp">
      <Filter>Dynamic\Source Files</Filter>
    </ClCompile>
    <ClCompile Include="..\src\EventArgs.cpp">
      <Filter>Events\Source Files</Filter>
    </ClCompile>
    <ClCompile Include="..\src\Hash.cpp">
      <Filter>Hashing\Source Files</Filter>
    </ClCompile>
    <ClCompile Include="..\src\HashStatistic.cpp">
      <Filter>Hashing\Source Files</Filter>
    </ClCompile>
    <ClCompile Include="..\src\ArchiveStrategy.cpp">
      <Filter>Logging\Source Files</Filter>
    </ClCompile>
    <ClCompile Include="..\src\AsyncChannel.cpp">
      <Filter>Logging\Source Files</Filter>
    </ClCompile>
    <ClCompile Include="..\src\Channel.cpp">
      <Filter>Logging\Source Files</Filter>
    </ClCompile>
    <ClCompile Include="..\src\Configurable.cpp">
      <Filter>Logging\Source Files</Filter>
    </ClCompile>
    <ClCompile Include="..\src\ConsoleChannel.cpp">
      <Filter>Logging\Source Files</Filter>
    </ClCompile>
    <ClCompile Include="..\src\EventLogChannel.cpp">
      <Filter>Logging\Source Files</Filter>
    </ClCompile>
    <ClCompile Include="..\src\FileChannel.cpp">
      <Filter>Logging\Source Files</Filter>
    </ClCompile>
    <ClCompile Include="..\src\Formatter.cpp">
      <Filter>Logging\Source Files</Filter>
    </ClCompile>
    <ClCompile Include="..\src\FormattingChannel.cpp">
      <Filter>Logging\Source Files</Filter>
    </ClCompile>
    <ClCompile Include="..\src\LogFile.cpp">
      <Filter>Logging\Source Files</Filter>
    </ClCompile>
    <ClCompile Include="..\src\LogFile_STD.cpp">
      <Filter>Logging\Source Files</Filter>
    </ClCompile>
    <ClCompile Include="..\src\LogFile_VMS.cpp">
      <Filter>Logging\Source Files</Filter>
    </ClCompile>
    <ClCompile Include="..\src\LogFile_WIN32.cpp">
      <Filter>Logging\Source Files</Filter>
    </ClCompile>
    <ClCompile Include="..\src\LogFile_WIN32U.cpp">
      <Filter>Logging\Source Files</Filter>
    </ClCompile>
    <ClCompile Include="..\src\Logger.cpp">
      <Filter>Logging\Source Files</Filter>
    </ClCompile>
    <ClCompile Include="..\src\LoggingFactory.cpp">
      <Filter>Logging\Source Files</Filter>
    </ClCompile>
    <ClCompile Include="..\src\LoggingRegistry.cpp">
      <Filter>Logging\Source Files</Filter>
    </ClCompile>
    <ClCompile Include="..\src\LogStream.cpp">
      <Filter>Logging\Source Files</Filter>
    </ClCompile>
    <ClCompile Include="..\src\Message.cpp">
      <Filter>Logging\Source Files</Filter>
    </ClCompile>
    <ClCompile Include="..\src\NullChannel.cpp">
      <Filter>Logging\Source Files</Filter>
    </ClCompile>
    <ClCompile Include="..\src\OpcomChannel.cpp">
      <Filter>Logging\Source Files</Filter>
    </ClCompile>
    <ClCompile Include="..\src\PatternFormatter.cpp">
      <Filter>Logging\Source Files</Filter>
    </ClCompile>
    <ClCompile Include="..\src\PurgeStrategy.cpp">
      <Filter>Logging\Source Files</Filter>
    </ClCompile>
    <ClCompile Include="..\src\RotateStrategy.cpp">
      <Filter>Logging\Source Files</Filter>
    </ClCompile>
    <ClCompile Include="..\src\SimpleFileChannel.cpp">
      <Filter>Logging\Source Files</Filter>
    </ClCompile>
    <ClCompile Include="..\src\SplitterChannel.cpp">
      <Filter>Logging\Source Files</Filter>
    </ClCompile>
    <ClCompile Include="..\src\StreamChannel.cpp">
      <Filter>Logging\Source Files</Filter>
    </ClCompile>
    <ClCompile Include="..\src\SyslogChannel.cpp">
      <Filter>Logging\Source Files</Filter>
    </ClCompile>
    <ClCompile Include="..\src\WindowsConsoleChannel.cpp">
      <Filter>Logging\Source Files</Filter>
    </ClCompile>
  </ItemGroup>
  <ItemGroup>
    <ClInclude Include="FoundationW8DLL.h" />
    <ClInclude Include="pch.h" />
    <ClInclude Include="targetver.h" />
    <ClInclude Include="..\include\Poco\Alignment.h">
      <Filter>Core\Header Files</Filter>
    </ClInclude>
    <ClInclude Include="..\include\Poco\Any.h">
      <Filter>Core\Header Files</Filter>
    </ClInclude>
    <ClInclude Include="..\include\Poco\Array.h">
      <Filter>Core\Header Files</Filter>
    </ClInclude>
    <ClInclude Include="..\include\Poco\Ascii.h">
      <Filter>Core\Header Files</Filter>
    </ClInclude>
    <ClInclude Include="..\include\Poco\AtomicCounter.h">
      <Filter>Core\Header Files</Filter>
    </ClInclude>
    <ClInclude Include="..\include\Poco\AutoPtr.h">
      <Filter>Core\Header Files</Filter>
    </ClInclude>
    <ClInclude Include="..\include\Poco\AutoReleasePool.h">
      <Filter>Core\Header Files</Filter>
    </ClInclude>
    <ClInclude Include="..\include\Poco\Buffer.h">
      <Filter>Core\Header Files</Filter>
    </ClInclude>
    <ClInclude Include="..\include\Poco\Bugcheck.h">
      <Filter>Core\Header Files</Filter>
    </ClInclude>
    <ClInclude Include="..\include\Poco\ByteOrder.h">
      <Filter>Core\Header Files</Filter>
    </ClInclude>
    <ClInclude Include="..\include\Poco\Checksum.h">
      <Filter>Core\Header Files</Filter>
    </ClInclude>
    <ClInclude Include="..\include\Poco\Config.h">
      <Filter>Core\Header Files</Filter>
    </ClInclude>
    <ClInclude Include="..\include\Poco\Debugger.h">
      <Filter>Core\Header Files</Filter>
    </ClInclude>
    <ClInclude Include="..\include\Poco\DynamicAny.h">
      <Filter>Core\Header Files</Filter>
    </ClInclude>
    <ClInclude Include="..\include\Poco\DynamicAnyHolder.h">
      <Filter>Core\Header Files</Filter>
    </ClInclude>
    <ClInclude Include="..\include\Poco\DynamicFactory.h">
      <Filter>Core\Header Files</Filter>
    </ClInclude>
    <ClInclude Include="..\include\Poco\Environment.h">
      <Filter>Core\Header Files</Filter>
    </ClInclude>
    <ClInclude Include="..\include\Poco\Environment_UNIX.h">
      <Filter>Core\Header Files</Filter>
    </ClInclude>
    <ClInclude Include="..\include\Poco\Environment_VMS.h">
      <Filter>Core\Header Files</Filter>
    </ClInclude>
    <ClInclude Include="..\include\Poco\Environment_WIN32.h">
      <Filter>Core\Header Files</Filter>
    </ClInclude>
    <ClInclude Include="..\include\Poco\Environment_WIN32U.h">
      <Filter>Core\Header Files</Filter>
    </ClInclude>
    <ClInclude Include="..\include\Poco\Error.h">
      <Filter>Core\Header Files</Filter>
    </ClInclude>
    <ClInclude Include="..\include\Poco\Exception.h">
      <Filter>Core\Header Files</Filter>
    </ClInclude>
    <ClInclude Include="..\include\Poco\FIFOBuffer.h">
      <Filter>Core\Header Files</Filter>
    </ClInclude>
    <ClInclude Include="..\include\Poco\Format.h">
      <Filter>Core\Header Files</Filter>
    </ClInclude>
    <ClInclude Include="..\include\Poco\Foundation.h">
      <Filter>Core\Header Files</Filter>
    </ClInclude>
    <ClInclude Include="..\include\Poco\FPEnvironment.h">
      <Filter>Core\Header Files</Filter>
    </ClInclude>
    <ClInclude Include="..\include\Poco\FPEnvironment_C99.h">
      <Filter>Core\Header Files</Filter>
    </ClInclude>
    <ClInclude Include="..\include\Poco\FPEnvironment_DEC.h">
      <Filter>Core\Header Files</Filter>
    </ClInclude>
    <ClInclude Include="..\include\Poco\FPEnvironment_DUMMY.h">
      <Filter>Core\Header Files</Filter>
    </ClInclude>
    <ClInclude Include="..\include\Poco\FPEnvironment_SUN.h">
      <Filter>Core\Header Files</Filter>
    </ClInclude>
    <ClInclude Include="..\include\Poco\FPEnvironment_WIN32.h">
      <Filter>Core\Header Files</Filter>
    </ClInclude>
    <ClInclude Include="..\include\Poco\Instantiator.h">
      <Filter>Core\Header Files</Filter>
    </ClInclude>
    <ClInclude Include="..\include\Poco\Latin2Encoding.h">
      <Filter>Core\Header Files</Filter>
    </ClInclude>
    <ClInclude Include="..\include\Poco\ListMap.h">
      <Filter>Core\Header Files</Filter>
    </ClInclude>
    <ClInclude Include="..\include\Poco\MemoryPool.h">
      <Filter>Core\Header Files</Filter>
    </ClInclude>
    <ClInclude Include="..\include\Poco\MetaProgramming.h">
      <Filter>Core\Header Files</Filter>
    </ClInclude>
    <ClInclude Include="..\include\Poco\NamedTuple.h">
      <Filter>Core\Header Files</Filter>
    </ClInclude>
    <ClInclude Include="..\include\Poco\NestedDiagnosticContext.h">
      <Filter>Core\Header Files</Filter>
    </ClInclude>
    <ClInclude Include="..\include\Poco\Nullable.h">
      <Filter>Core\Header Files</Filter>
    </ClInclude>
    <ClInclude Include="..\include\Poco\NumberFormatter.h">
      <Filter>Core\Header Files</Filter>
    </ClInclude>
    <ClInclude Include="..\include\Poco\NumberParser.h">
      <Filter>Core\Header Files</Filter>
    </ClInclude>
    <ClInclude Include="..\include\Poco\NumericString.h">
      <Filter>Core\Header Files</Filter>
    </ClInclude>
    <ClInclude Include="..\include\Poco\ObjectPool.h">
      <Filter>Core\Header Files</Filter>
    </ClInclude>
    <ClInclude Include="..\include\Poco\Optional.h">
      <Filter>Core\Header Files</Filter>
    </ClInclude>
    <ClInclude Include="..\include\Poco\Platform.h">
      <Filter>Core\Header Files</Filter>
    </ClInclude>
    <ClInclude Include="..\include\Poco\Platform_POSIX.h">
      <Filter>Core\Header Files</Filter>
    </ClInclude>
    <ClInclude Include="..\include\Poco\Platform_VMS.h">
      <Filter>Core\Header Files</Filter>
    </ClInclude>
    <ClInclude Include="..\include\Poco\Platform_WIN32.h">
      <Filter>Core\Header Files</Filter>
    </ClInclude>
    <ClInclude Include="..\include\Poco\Poco.h">
      <Filter>Core\Header Files</Filter>
    </ClInclude>
    <ClInclude Include="..\include\Poco\RefCountedObject.h">
      <Filter>Core\Header Files</Filter>
    </ClInclude>
    <ClInclude Include="..\include\Poco\SharedPtr.h">
      <Filter>Core\Header Files</Filter>
    </ClInclude>
    <ClInclude Include="..\include\Poco\SingletonHolder.h">
      <Filter>Core\Header Files</Filter>
    </ClInclude>
    <ClInclude Include="..\include\Poco\String.h">
      <Filter>Core\Header Files</Filter>
    </ClInclude>
    <ClInclude Include="..\include\Poco\StringTokenizer.h">
      <Filter>Core\Header Files</Filter>
    </ClInclude>
    <ClInclude Include="..\include\Poco\Tuple.h">
      <Filter>Core\Header Files</Filter>
    </ClInclude>
    <ClInclude Include="..\include\Poco\TypeList.h">
      <Filter>Core\Header Files</Filter>
    </ClInclude>
    <ClInclude Include="..\include\Poco\Types.h">
      <Filter>Core\Header Files</Filter>
    </ClInclude>
    <ClInclude Include="..\include\Poco\UnWindows.h">
      <Filter>Core\Header Files</Filter>
    </ClInclude>
    <ClInclude Include="..\include\Poco\Version.h">
      <Filter>Core\Header Files</Filter>
    </ClInclude>
    <ClInclude Include="..\include\Poco\Void.h">
      <Filter>Core\Header Files</Filter>
    </ClInclude>
    <ClInclude Include="..\include\Poco\AccessExpirationDecorator.h">
      <Filter>Cache\Header Files</Filter>
    </ClInclude>
    <ClInclude Include="..\include\Poco\AbstractCache.h">
      <Filter>Cache\Header Files</Filter>
    </ClInclude>
    <ClInclude Include="..\include\Poco\AbstractStrategy.h">
      <Filter>Cache\Header Files</Filter>
    </ClInclude>
    <ClInclude Include="..\include\Poco\AccessExpireCache.h">
      <Filter>Cache\Header Files</Filter>
    </ClInclude>
    <ClInclude Include="..\include\Poco\AccessExpireLRUCache.h">
      <Filter>Cache\Header Files</Filter>
    </ClInclude>
    <ClInclude Include="..\include\Poco\AccessExpireStrategy.h">
      <Filter>Cache\Header Files</Filter>
    </ClInclude>
    <ClInclude Include="..\include\Poco\ExpirationDecorator.h">
      <Filter>Cache\Header Files</Filter>
    </ClInclude>
    <ClInclude Include="..\include\Poco\ExpireCache.h">
      <Filter>Cache\Header Files</Filter>
    </ClInclude>
    <ClInclude Include="..\include\Poco\ExpireLRUCache.h">
      <Filter>Cache\Header Files</Filter>
    </ClInclude>
    <ClInclude Include="..\include\Poco\ExpireStrategy.h">
      <Filter>Cache\Header Files</Filter>
    </ClInclude>
    <ClInclude Include="..\include\Poco\KeyValueArgs.h">
      <Filter>Cache\Header Files</Filter>
    </ClInclude>
    <ClInclude Include="..\include\Poco\LRUCache.h">
      <Filter>Cache\Header Files</Filter>
    </ClInclude>
    <ClInclude Include="..\include\Poco\LRUStrategy.h">
      <Filter>Cache\Header Files</Filter>
    </ClInclude>
    <ClInclude Include="..\include\Poco\StrategyCollection.h">
      <Filter>Cache\Header Files</Filter>
    </ClInclude>
    <ClInclude Include="..\include\Poco\UniqueAccessExpireCache.h">
      <Filter>Cache\Header Files</Filter>
    </ClInclude>
    <ClInclude Include="..\include\Poco\UniqueAccessExpireLRUCache.h">
      <Filter>Cache\Header Files</Filter>
    </ClInclude>
    <ClInclude Include="..\include\Poco\UniqueAccessExpireStrategy.h">
      <Filter>Cache\Header Files</Filter>
    </ClInclude>
    <ClInclude Include="..\include\Poco\UniqueExpireCache.h">
      <Filter>Cache\Header Files</Filter>
    </ClInclude>
    <ClInclude Include="..\include\Poco\UniqueExpireLRUCache.h">
      <Filter>Cache\Header Files</Filter>
    </ClInclude>
    <ClInclude Include="..\include\Poco\UniqueExpireStrategy.h">
      <Filter>Cache\Header Files</Filter>
    </ClInclude>
    <ClInclude Include="..\include\Poco\ValidArgs.h">
      <Filter>Cache\Header Files</Filter>
    </ClInclude>
    <ClInclude Include="..\include\Poco\DateTime.h">
      <Filter>DateTime\Header Files</Filter>
    </ClInclude>
    <ClInclude Include="..\include\Poco\DateTimeFormat.h">
      <Filter>DateTime\Header Files</Filter>
    </ClInclude>
    <ClInclude Include="..\include\Poco\DateTimeFormatter.h">
      <Filter>DateTime\Header Files</Filter>
    </ClInclude>
    <ClInclude Include="..\include\Poco\DateTimeParser.h">
      <Filter>DateTime\Header Files</Filter>
    </ClInclude>
    <ClInclude Include="..\include\Poco\LocalDateTime.h">
      <Filter>DateTime\Header Files</Filter>
    </ClInclude>
    <ClInclude Include="..\include\Poco\Stopwatch.h">
      <Filter>DateTime\Header Files</Filter>
    </ClInclude>
    <ClInclude Include="..\include\Poco\Timespan.h">
      <Filter>DateTime\Header Files</Filter>
    </ClInclude>
    <ClInclude Include="..\include\Poco\Timestamp.h">
      <Filter>DateTime\Header Files</Filter>
    </ClInclude>
    <ClInclude Include="..\include\Poco\Timezone.h">
      <Filter>DateTime\Header Files</Filter>
    </ClInclude>
    <ClInclude Include="..\include\Poco\Dynamic\Pair.h">
      <Filter>Dynamic\Header Files</Filter>
    </ClInclude>
    <ClInclude Include="..\include\Poco\Dynamic\Struct.h">
      <Filter>Dynamic\Header Files</Filter>
    </ClInclude>
    <ClInclude Include="..\include\Poco\Dynamic\Var.h">
      <Filter>Dynamic\Header Files</Filter>
    </ClInclude>
    <ClInclude Include="..\include\Poco\Dynamic\VarHolder.h">
      <Filter>Dynamic\Header Files</Filter>
    </ClInclude>
    <ClInclude Include="..\include\Poco\Dynamic\VarIterator.h">
      <Filter>Dynamic\Header Files</Filter>
    </ClInclude>
    <ClInclude Include="..\include\Poco\PriorityStrategy.h">
      <Filter>Events\Header Files</Filter>
    </ClInclude>
    <ClInclude Include="..\include\Poco\AbstractDelegate.h">
      <Filter>Events\Header Files</Filter>
    </ClInclude>
    <ClInclude Include="..\include\Poco\AbstractEvent.h">
      <Filter>Events\Header Files</Filter>
    </ClInclude>
    <ClInclude Include="..\include\Poco\AbstractPriorityDelegate.h">
      <Filter>Events\Header Files</Filter>
    </ClInclude>
    <ClInclude Include="..\include\Poco\BasicEvent.h">
      <Filter>Events\Header Files</Filter>
    </ClInclude>
    <ClInclude Include="..\include\Poco\DefaultStrategy.h">
      <Filter>Events\Header Files</Filter>
    </ClInclude>
    <ClInclude Include="..\include\Poco\Delegate.h">
      <Filter>Events\Header Files</Filter>
    </ClInclude>
    <ClInclude Include="..\include\Poco\EventArgs.h">
      <Filter>Events\Header Files</Filter>
    </ClInclude>
    <ClInclude Include="..\include\Poco\Expire.h">
      <Filter>Events\Header Files</Filter>
    </ClInclude>
    <ClInclude Include="..\include\Poco\FIFOEvent.h">
      <Filter>Events\Header Files</Filter>
    </ClInclude>
    <ClInclude Include="..\include\Poco\FIFOStrategy.h">
      <Filter>Events\Header Files</Filter>
    </ClInclude>
    <ClInclude Include="..\include\Poco\FunctionDelegate.h">
      <Filter>Events\Header Files</Filter>
    </ClInclude>
    <ClInclude Include="..\include\Poco\FunctionPriorityDelegate.h">
      <Filter>Events\Header Files</Filter>
    </ClInclude>
    <ClInclude Include="..\include\Poco\NotificationStrategy.h">
      <Filter>Events\Header Files</Filter>
    </ClInclude>
    <ClInclude Include="..\include\Poco\PriorityDelegate.h">
      <Filter>Events\Header Files</Filter>
    </ClInclude>
    <ClInclude Include="..\include\Poco\PriorityEvent.h">
      <Filter>Events\Header Files</Filter>
    </ClInclude>
    <ClInclude Include="..\include\Poco\PriorityExpire.h">
      <Filter>Events\Header Files</Filter>
    </ClInclude>
    <ClInclude Include="..\include\Poco\Hash.h">
      <Filter>Hashing\Header Files</Filter>
    </ClInclude>
    <ClInclude Include="..\include\Poco\HashFunction.h">
      <Filter>Hashing\Header Files</Filter>
    </ClInclude>
    <ClInclude Include="..\include\Poco\HashMap.h">
      <Filter>Hashing\Header Files</Filter>
    </ClInclude>
    <ClInclude Include="..\include\Poco\HashSet.h">
      <Filter>Hashing\Header Files</Filter>
    </ClInclude>
    <ClInclude Include="..\include\Poco\HashStatistic.h">
      <Filter>Hashing\Header Files</Filter>
    </ClInclude>
    <ClInclude Include="..\include\Poco\HashTable.h">
      <Filter>Hashing\Header Files</Filter>
    </ClInclude>
    <ClInclude Include="..\include\Poco\LinearHashTable.h">
      <Filter>Hashing\Header Files</Filter>
    </ClInclude>
    <ClInclude Include="..\include\Poco\SimpleHashTable.h">
      <Filter>Hashing\Header Files</Filter>
    </ClInclude>
    <ClInclude Include="..\include\Poco\ArchiveStrategy.h">
      <Filter>Logging\Header Files</Filter>
    </ClInclude>
    <ClInclude Include="..\include\Poco\AsyncChannel.h">
      <Filter>Logging\Header Files</Filter>
    </ClInclude>
    <ClInclude Include="..\include\Poco\Channel.h">
      <Filter>Logging\Header Files</Filter>
    </ClInclude>
    <ClInclude Include="..\include\Poco\Configurable.h">
      <Filter>Logging\Header Files</Filter>
    </ClInclude>
    <ClInclude Include="..\include\Poco\ConsoleChannel.h">
      <Filter>Logging\Header Files</Filter>
    </ClInclude>
    <ClInclude Include="..\include\Poco\EventLogChannel.h">
      <Filter>Logging\Header Files</Filter>
    </ClInclude>
    <ClInclude Include="..\include\Poco\FileChannel.h">
      <Filter>Logging\Header Files</Filter>
    </ClInclude>
    <ClInclude Include="..\include\Poco\Formatter.h">
      <Filter>Logging\Header Files</Filter>
    </ClInclude>
    <ClInclude Include="..\include\Poco\FormattingChannel.h">
      <Filter>Logging\Header Files</Filter>
    </ClInclude>
    <ClInclude Include="..\include\Poco\LogFile.h">
      <Filter>Logging\Header Files</Filter>
    </ClInclude>
    <ClInclude Include="..\include\Poco\LogFile_STD.h">
      <Filter>Logging\Header Files</Filter>
    </ClInclude>
    <ClInclude Include="..\include\Poco\LogFile_VMS.h">
      <Filter>Logging\Header Files</Filter>
    </ClInclude>
    <ClInclude Include="..\include\Poco\LogFile_WIN32.h">
      <Filter>Logging\Header Files</Filter>
    </ClInclude>
    <ClInclude Include="..\include\Poco\LogFile_WIN32U.h">
      <Filter>Logging\Header Files</Filter>
    </ClInclude>
    <ClInclude Include="..\include\Poco\Logger.h">
      <Filter>Logging\Header Files</Filter>
    </ClInclude>
    <ClInclude Include="..\include\Poco\LoggingFactory.h">
      <Filter>Logging\Header Files</Filter>
    </ClInclude>
    <ClInclude Include="..\include\Poco\LoggingRegistry.h">
      <Filter>Logging\Header Files</Filter>
    </ClInclude>
    <ClInclude Include="..\include\Poco\LogStream.h">
      <Filter>Logging\Header Files</Filter>
    </ClInclude>
    <ClInclude Include="..\include\Poco\Message.h">
      <Filter>Logging\Header Files</Filter>
    </ClInclude>
    <ClInclude Include="..\include\Poco\NullChannel.h">
      <Filter>Logging\Header Files</Filter>
    </ClInclude>
    <ClInclude Include="..\include\Poco\OpcomChannel.h">
      <Filter>Logging\Header Files</Filter>
    </ClInclude>
    <ClInclude Include="..\include\Poco\PatternFormatter.h">
      <Filter>Logging\Header Files</Filter>
    </ClInclude>
    <ClInclude Include="..\src\pocomsg.h">
      <Filter>Logging\Header Files</Filter>
    </ClInclude>
    <ClInclude Include="..\include\Poco\PurgeStrategy.h">
      <Filter>Logging\Header Files</Filter>
    </ClInclude>
    <ClInclude Include="..\include\Poco\RotateStrategy.h">
      <Filter>Logging\Header Files</Filter>
    </ClInclude>
    <ClInclude Include="..\include\Poco\SimpleFileChannel.h">
      <Filter>Logging\Header Files</Filter>
    </ClInclude>
    <ClInclude Include="..\include\Poco\SplitterChannel.h">
      <Filter>Logging\Header Files</Filter>
    </ClInclude>
    <ClInclude Include="..\include\Poco\StreamChannel.h">
      <Filter>Logging\Header Files</Filter>
    </ClInclude>
    <ClInclude Include="..\include\Poco\SyslogChannel.h">
      <Filter>Logging\Header Files</Filter>
    </ClInclude>
    <ClInclude Include="..\include\Poco\WindowsConsoleChannel.h">
      <Filter>Logging\Header Files</Filter>
    </ClInclude>
  </ItemGroup>
  <ItemGroup>
    <None Include="..\src\pocomsg.mc">
      <Filter>Logging\Message Files</Filter>
    </None>
  </ItemGroup>
  <ItemGroup>
    <ResourceCompile Include="..\src\pocomsg.rc">
      <Filter>Logging\Resource Files</Filter>
    </ResourceCompile>
  </ItemGroup>
</Project>